
Microsoft Visual Studio Solution File, Format Version 12.00
# Visual Studio Version 16
VisualStudioVersion = 16.0.30320.27
MinimumVisualStudioVersion = 10.0.40219.1
Project("{9A19103F-16F7-4668-BE54-9A1E7A4F7556}") = "AskAMech.Web", "AskAMech.Web\AskAMech.Web.csproj", "{F027E224-7CD4-461B-9D97-0059A52069D3}"
EndProject
Project("{9A19103F-16F7-4668-BE54-9A1E7A4F7556}") = "AskAMech.Infrastructure", "AskAMech.Infrastructure\AskAMech.Infrastructure.csproj", "{92D07394-CE7A-4B86-A96A-D6ECFFE72CE9}"
EndProject
Project("{9A19103F-16F7-4668-BE54-9A1E7A4F7556}") = "AskAMech.Core", "AskAMech.Core\AskAMech.Core.csproj", "{A4642389-36B8-439A-AC45-213700D084DC}"
EndProject
Project("{FAE04EC0-301F-11D3-BF4B-00C04F79EFBC}") = "AskAMech.Web.Tests", "AskAMech.Web.Tests\AskAMech.Web.Tests.csproj", "{A1C5C528-D9DB-49AB-98EC-0BE8B3615344}"
EndProject
Project("{FAE04EC0-301F-11D3-BF4B-00C04F79EFBC}") = "AskAMech.Infrastructure.Tests", "AskAMech.Infrastructure.Tests\AskAMech.Infrastructure.Tests.csproj", "{E76CA0EA-7A0E-4348-8E79-A3F84C328231}"
EndProject
Project("{FAE04EC0-301F-11D3-BF4B-00C04F79EFBC}") = "AskAMech.Core.Tests", "AskAMech.Core.Tests\AskAMech.Core.Tests.csproj", "{AE97D54F-CF0B-4902-8D7C-F6E0AAD5614B}"
EndProject
Global
	GlobalSection(SolutionConfigurationPlatforms) = preSolution
		Debug|Any CPU = Debug|Any CPU
		Release|Any CPU = Release|Any CPU
	EndGlobalSection
	GlobalSection(ProjectConfigurationPlatforms) = postSolution
		{F027E224-7CD4-461B-9D97-0059A52069D3}.Debug|Any CPU.ActiveCfg = Debug|Any CPU
		{F027E224-7CD4-461B-9D97-0059A52069D3}.Debug|Any CPU.Build.0 = Debug|Any CPU
		{F027E224-7CD4-461B-9D97-0059A52069D3}.Release|Any CPU.ActiveCfg = Release|Any CPU
		{F027E224-7CD4-461B-9D97-0059A52069D3}.Release|Any CPU.Build.0 = Release|Any CPU
		{92D07394-CE7A-4B86-A96A-D6ECFFE72CE9}.Debug|Any CPU.ActiveCfg = Debug|Any CPU
		{92D07394-CE7A-4B86-A96A-D6ECFFE72CE9}.Debug|Any CPU.Build.0 = Debug|Any CPU
		{92D07394-CE7A-4B86-A96A-D6ECFFE72CE9}.Release|Any CPU.ActiveCfg = Release|Any CPU
		{92D07394-CE7A-4B86-A96A-D6ECFFE72CE9}.Release|Any CPU.Build.0 = Release|Any CPU
		{A4642389-36B8-439A-AC45-213700D084DC}.Debug|Any CPU.ActiveCfg = Debug|Any CPU
		{A4642389-36B8-439A-AC45-213700D084DC}.Debug|Any CPU.Build.0 = Debug|Any CPU
		{A4642389-36B8-439A-AC45-213700D084DC}.Release|Any CPU.ActiveCfg = Release|Any CPU
		{A4642389-36B8-439A-AC45-213700D084DC}.Release|Any CPU.Build.0 = Release|Any CPU
		{A1C5C528-D9DB-49AB-98EC-0BE8B3615344}.Debug|Any CPU.ActiveCfg = Debug|Any CPU
		{A1C5C528-D9DB-49AB-98EC-0BE8B3615344}.Debug|Any CPU.Build.0 = Debug|Any CPU
		{A1C5C528-D9DB-49AB-98EC-0BE8B3615344}.Release|Any CPU.ActiveCfg = Release|Any CPU
		{A1C5C528-D9DB-49AB-98EC-0BE8B3615344}.Release|Any CPU.Build.0 = Release|Any CPU
		{E76CA0EA-7A0E-4348-8E79-A3F84C328231}.Debug|Any CPU.ActiveCfg = Debug|Any CPU
		{E76CA0EA-7A0E-4348-8E79-A3F84C328231}.Debug|Any CPU.Build.0 = Debug|Any CPU
		{E76CA0EA-7A0E-4348-8E79-A3F84C328231}.Release|Any CPU.ActiveCfg = Release|Any CPU
		{E76CA0EA-7A0E-4348-8E79-A3F84C328231}.Release|Any CPU.Build.0 = Release|Any CPU
		{AE97D54F-CF0B-4902-8D7C-F6E0AAD5614B}.Debug|Any CPU.ActiveCfg = Debug|Any CPU
		{AE97D54F-CF0B-4902-8D7C-F6E0AAD5614B}.Debug|Any CPU.Build.0 = Debug|Any CPU
		{AE97D54F-CF0B-4902-8D7C-F6E0AAD5614B}.Release|Any CPU.ActiveCfg = Release|Any CPU
		{AE97D54F-CF0B-4902-8D7C-F6E0AAD5614B}.Release|Any CPU.Build.0 = Release|Any CPU
	EndGlobalSection
	GlobalSection(SolutionProperties) = preSolution
		HideSolutionNode = FALSE
	EndGlobalSection
	GlobalSection(ExtensibilityGlobals) = postSolution
		SolutionGuid = {A085007E-ADB3-4E0B-9CD2-904C8846462D}
	EndGlobalSection
EndGlobal
